
Microsoft Visual Studio Solution File, Format Version 12.00
# Visual Studio Version 17
VisualStudioVersion = 17.4.33103.184
MinimumVisualStudioVersion = 10.0.40219.1
Project("{FAE04EC0-301F-11D3-BF4B-00C04F79EFBC}") = "XSLTTransformerGridData", "XSLTTransformerGridData.csproj", "{D46F5429-5825-4A59-B83F-0D4B3D07B3DD}"
EndProject
Global
	GlobalSection(SolutionConfigurationPlatforms) = preSolution
		Debug|Any CPU = Debug|Any CPU
		Release|Any CPU = Release|Any CPU
	EndGlobalSection
	GlobalSection(ProjectConfigurationPlatforms) = postSolution
		{D46F5429-5825-4A59-B83F-0D4B3D07B3DD}.Debug|Any CPU.ActiveCfg = Debug|Any CPU
		{D46F5429-5825-4A59-B83F-0D4B3D07B3DD}.Debug|Any CPU.Build.0 = Debug|Any CPU
		{D46F5429-5825-4A59-B83F-0D4B3D07B3DD}.Release|Any CPU.ActiveCfg = Release|Any CPU
		{D46F5429-5825-4A59-B83F-0D4B3D07B3DD}.Release|Any CPU.Build.0 = Release|Any CPU
	EndGlobalSection
	GlobalSection(SolutionProperties) = preSolution
		HideSolutionNode = FALSE
	EndGlobalSection
	GlobalSection(ExtensibilityGlobals) = postSolution
		SolutionGuid = {0356CF63-5430-4B4E-A9CC-D4E8AE9ADA21}
	EndGlobalSection
EndGlobal
